
Microsoft Visual Studio Solution File, Format Version 12.00
# Visual Studio 15
VisualStudioVersion = 15.0.28307.106
MinimumVisualStudioVersion = 10.0.40219.1
Project("{FAE04EC0-301F-11D3-BF4B-00C04F79EFBC}") = "RPGShop", "RPGShop\RPGShop.csproj", "{2B2ACB0C-E3FE-4D4A-8EE5-638FF74F28ED}"
EndProject
Global
	GlobalSection(SolutionConfigurationPlatforms) = preSolution
		Debug|Any CPU = Debug|Any CPU
		Release|Any CPU = Release|Any CPU
	EndGlobalSection
	GlobalSection(ProjectConfigurationPlatforms) = postSolution
		{2B2ACB0C-E3FE-4D4A-8EE5-638FF74F28ED}.Debug|Any CPU.ActiveCfg = Debug|Any CPU
		{2B2ACB0C-E3FE-4D4A-8EE5-638FF74F28ED}.Debug|Any CPU.Build.0 = Debug|Any CPU
		{2B2ACB0C-E3FE-4D4A-8EE5-638FF74F28ED}.Release|Any CPU.ActiveCfg = Release|Any CPU
		{2B2ACB0C-E3FE-4D4A-8EE5-638FF74F28ED}.Release|Any CPU.Build.0 = Release|Any CPU
	EndGlobalSection
	GlobalSection(SolutionProperties) = preSolution
		HideSolutionNode = FALSE
	EndGlobalSection
	GlobalSection(ExtensibilityGlobals) = postSolution
		SolutionGuid = {37F75CE1-0D53-4EBA-9025-4CDE4B698E57}
	EndGlobalSection
EndGlobal
